
Microsoft Visual Studio Solution File, Format Version 12.00
# Visual Studio 15
VisualStudioVersion = 15.0.27004.2002
MinimumVisualStudioVersion = 10.0.40219.1
Project("{9A19103F-16F7-4668-BE54-9A1E7A4F7556}") = "ASPNET_HerfstVakantie_Reygel_Robbe", "ASPNET_HerfstVakantie_Reygel_Robbe\ASPNET_HerfstVakantie_Reygel_Robbe.csproj", "{66F56437-21E0-4AE7-8E2B-9B6E166C4762}"
EndProject
Project("{FAE04EC0-301F-11D3-BF4B-00C04F79EFBC}") = "UnitTests", "UnitTestProject1\UnitTests.csproj", "{FE97D4A3-AC92-42D4-891E-315D8A8216C4}"
EndProject
Global
	GlobalSection(SolutionConfigurationPlatforms) = preSolution
		Debug|Any CPU = Debug|Any CPU
		Release|Any CPU = Release|Any CPU
	EndGlobalSection
	GlobalSection(ProjectConfigurationPlatforms) = postSolution
		{66F56437-21E0-4AE7-8E2B-9B6E166C4762}.Debug|Any CPU.ActiveCfg = Debug|Any CPU
		{66F56437-21E0-4AE7-8E2B-9B6E166C4762}.Debug|Any CPU.Build.0 = Debug|Any CPU
		{66F56437-21E0-4AE7-8E2B-9B6E166C4762}.Release|Any CPU.ActiveCfg = Release|Any CPU
		{66F56437-21E0-4AE7-8E2B-9B6E166C4762}.Release|Any CPU.Build.0 = Release|Any CPU
		{FE97D4A3-AC92-42D4-891E-315D8A8216C4}.Debug|Any CPU.ActiveCfg = Debug|Any CPU
		{FE97D4A3-AC92-42D4-891E-315D8A8216C4}.Debug|Any CPU.Build.0 = Debug|Any CPU
		{FE97D4A3-AC92-42D4-891E-315D8A8216C4}.Release|Any CPU.ActiveCfg = Release|Any CPU
		{FE97D4A3-AC92-42D4-891E-315D8A8216C4}.Release|Any CPU.Build.0 = Release|Any CPU
	EndGlobalSection
	GlobalSection(SolutionProperties) = preSolution
		HideSolutionNode = FALSE
	EndGlobalSection
	GlobalSection(ExtensibilityGlobals) = postSolution
		SolutionGuid = {121F699D-672C-4148-855E-1301B5AF7756}
	EndGlobalSection
EndGlobal
